github.com/confluentinc/confluent-kafka-go v1.4.2 h1:13EK9RTujF7lVkvHQ5Hbu6bM+Yfrq8L0MkJNnjHSd4Q=
github.com/confluentinc/confluent-kafka-go v1.4.2/go.mod h1:u2zNLny2xq+5rWeTQjFHbDzzNuba4P1vo31r9r4uAdg=
github.com/elastic/go-elasticsearch/v8 v8.0.0-20200630125629-8413c97f3011 h1:o1IWa+rh2kTI2qC8k+Cjwm95QnIQkEFHuSxh4LNOTCM=
github.com/elastic/go-elasticsearch/v8 v8.0.0-20200630125629-8413c97f3011/go.mod h1:xe9a/L2aeOgFKKgrO3ibQTnMdpAeL0GC+5/HpGScSa4=
github.com/gorilla/mux v1.7.4 h1:VuZ8uybHlWmqV03+zRzdwKL4tUnIp1MAQtp1mIFE1bc=
github.com/gorilla/mux v1.7.4/go.mod h1:DVbg23sWSpFRCP0SfiEN6jmj59UnW/n46BH5rLB71So=
github.com/vladimirvivien/automi v0.1.0-alpha.0 h1:Il/y/e7or5tJoFlexCgZ02eCqbCwP7ZdkrzWBvZIozo=
github.com/vladimirvivien/automi v0.1.0-alpha.0/go.mod h1:pv+B/2eOabMqk3KW5v31pWaWCpDYj7sZRgdgX0a5lpE=
github.com/yudai/golcs v0.0.0-20170316035057-ecda9a501e82 h1:BHyfKlQyqbsFN5p3IfnEUduWvb9is428/nNb5L3U01M=
github.com/yudai/golcs v0.0.0-20170316035057-ecda9a501e82/go.mod h1:lgjkn3NuSvDfVJdfcVVdX+jpBxNmX4rDAzaS45IcYoM=
gopkg.in/confluentinc/confluent-kafka-go.v1 v1.4.2 h1:JabkIV98VYFqYKHHzXtgGMFuRgFBNTNzBytbGByzrJI=
gopkg.in/confluentinc/confluent-kafka-go.v1 v1.4.2/go.mod h1:ZdI3yfYmdNSLQPNCpO1y00EHyWaHG5EnQEyL/ntAegY=
